
Microsoft Visual Studio Solution File, Format Version 12.00
# Visual Studio Version 16
VisualStudioVersion = 16.0.29025.244
MinimumVisualStudioVersion = 10.0.40219.1
Project("{FAE04EC0-301F-11D3-BF4B-00C04F79EFBC}") = "Imagenesencsharp", "Imagenesencsharp\Imagenesencsharp.csproj", "{7728E7B2-E3FF-415E-8C47-211E63B9A00D}"
EndProject
Global
	GlobalSection(SolutionConfigurationPlatforms) = preSolution
		Debug|Any CPU = Debug|Any CPU
		Release|Any CPU = Release|Any CPU
	EndGlobalSection
	GlobalSection(ProjectConfigurationPlatforms) = postSolution
		{7728E7B2-E3FF-415E-8C47-211E63B9A00D}.Debug|Any CPU.ActiveCfg = Debug|Any CPU
		{7728E7B2-E3FF-415E-8C47-211E63B9A00D}.Debug|Any CPU.Build.0 = Debug|Any CPU
		{7728E7B2-E3FF-415E-8C47-211E63B9A00D}.Release|Any CPU.ActiveCfg = Release|Any CPU
		{7728E7B2-E3FF-415E-8C47-211E63B9A00D}.Release|Any CPU.Build.0 = Release|Any CPU
	EndGlobalSection
	GlobalSection(SolutionProperties) = preSolution
		HideSolutionNode = FALSE
	EndGlobalSection
	GlobalSection(ExtensibilityGlobals) = postSolution
		SolutionGuid = {09CC1299-77DB-46D0-92C8-28D08AD8923E}
	EndGlobalSection
EndGlobal
