
Microsoft Visual Studio Solution File, Format Version 12.00
# Visual Studio Version 16
VisualStudioVersion = 16.0.29025.244
MinimumVisualStudioVersion = 10.0.40219.1
Project("{FAE04EC0-301F-11D3-BF4B-00C04F79EFBC}") = "Proyecto 1.0", "Proyecto 1.0\Proyecto 1.0.csproj", "{AFC55C89-3809-4468-8BF4-989C11B92130}"
EndProject
Global
	GlobalSection(SolutionConfigurationPlatforms) = preSolution
		Debug|Any CPU = Debug|Any CPU
		Release|Any CPU = Release|Any CPU
	EndGlobalSection
	GlobalSection(ProjectConfigurationPlatforms) = postSolution
		{AFC55C89-3809-4468-8BF4-989C11B92130}.Debug|Any CPU.ActiveCfg = Debug|Any CPU
		{AFC55C89-3809-4468-8BF4-989C11B92130}.Debug|Any CPU.Build.0 = Debug|Any CPU
		{AFC55C89-3809-4468-8BF4-989C11B92130}.Release|Any CPU.ActiveCfg = Release|Any CPU
		{AFC55C89-3809-4468-8BF4-989C11B92130}.Release|Any CPU.Build.0 = Release|Any CPU
	EndGlobalSection
	GlobalSection(SolutionProperties) = preSolution
		HideSolutionNode = FALSE
	EndGlobalSection
	GlobalSection(ExtensibilityGlobals) = postSolution
		SolutionGuid = {7FF13F7D-B78E-41F9-9B9B-5C5FC4372B30}
	EndGlobalSection
EndGlobal
